Microsoft Visual Studio Solution File, Format Version 12.00
# Visual Studio Version 16
VisualStudioVersion = 16.0.29411.108
MinimumVisualStudioVersion = 10.0.40219.1
Project("{FAE04EC0-301F-11D3-BF4B-00C04F79EFBC}") = "name-your-shark", "name-your-shark\name-your-shark.csproj", "{41D2BDD7-E52C-4470-AC81-5F4B496CC559}"
EndProject
Global
	GlobalSection(SolutionConfigurationPlatforms) = preSolution
		Debug|Any CPU = Debug|Any CPU
		Release|Any CPU = Release|Any CPU
	EndGlobalSection
	GlobalSection(ProjectConfigurationPlatforms) = postSolution
		{41D2BDD7-E52C-4470-AC81-5F4B496CC559}.Debug|Any CPU.ActiveCfg = Debug|Any CPU
		{41D2BDD7-E52C-4470-AC81-5F4B496CC559}.Debug|Any CPU.Build.0 = Debug|Any CPU
		{41D2BDD7-E52C-4470-AC81-5F4B496CC559}.Release|Any CPU.ActiveCfg = Debug|Any CPU
		{41D2BDD7-E52C-4470-AC81-5F4B496CC559}.Release|Any CPU.Build.0 = Debug|Any CPU
	EndGlobalSection
	GlobalSection(SolutionProperties) = preSolution
		HideSolutionNode = FALSE
	EndGlobalSection
	GlobalSection(ExtensibilityGlobals) = postSolution
		SolutionGuid = {1513B1BC-AF36-42E5-94C4-A1575DADF180}
	EndGlobalSection
EndGlobal
